
Microsoft Visual Studio Solution File, Format Version 12.00
# Visual Studio Version 16
VisualStudioVersion = 16.0.30717.126
MinimumVisualStudioVersion = 10.0.40219.1
Project("{FAE04EC0-301F-11D3-BF4B-00C04F79EFBC}") = "Lab15", "Lab15\Lab15.csproj", "{3B3D803F-CA65-44DF-B4EF-1E278AB13289}"
EndProject
Global
	GlobalSection(SolutionConfigurationPlatforms) = preSolution
		Debug|Any CPU = Debug|Any CPU
		Release|Any CPU = Release|Any CPU
	EndGlobalSection
	GlobalSection(ProjectConfigurationPlatforms) = postSolution
		{3B3D803F-CA65-44DF-B4EF-1E278AB13289}.Debug|Any CPU.ActiveCfg = Debug|Any CPU
		{3B3D803F-CA65-44DF-B4EF-1E278AB13289}.Debug|Any CPU.Build.0 = Debug|Any CPU
		{3B3D803F-CA65-44DF-B4EF-1E278AB13289}.Release|Any CPU.ActiveCfg = Release|Any CPU
		{3B3D803F-CA65-44DF-B4EF-1E278AB13289}.Release|Any CPU.Build.0 = Release|Any CPU
	EndGlobalSection
	GlobalSection(SolutionProperties) = preSolution
		HideSolutionNode = FALSE
	EndGlobalSection
	GlobalSection(ExtensibilityGlobals) = postSolution
		SolutionGuid = {70852BB1-29BC-4605-A1BB-67D8ECD22B95}
	EndGlobalSection
EndGlobal
